
Microsoft Visual Studio Solution File, Format Version 12.00
# Visual Studio Version 16
VisualStudioVersion = 16.0.31729.503
MinimumVisualStudioVersion = 10.0.40219.1
Project("{FAE04EC0-301F-11D3-BF4B-00C04F79EFBC}") = "EatUpUsage", "EatUpUsage\EatUpUsage.csproj", "{C8060B08-D510-4D5F-BFB2-2F259C286FBB}"
EndProject
Global
	GlobalSection(SolutionConfigurationPlatforms) = preSolution
		Debug|Any CPU = Debug|Any CPU
		Debug|x64 = Debug|x64
		Release|Any CPU = Release|Any CPU
		Release|x64 = Release|x64
	EndGlobalSection
	GlobalSection(ProjectConfigurationPlatforms) = postSolution
		{C8060B08-D510-4D5F-BFB2-2F259C286FBB}.Debug|Any CPU.ActiveCfg = Debug|Any CPU
		{C8060B08-D510-4D5F-BFB2-2F259C286FBB}.Debug|Any CPU.Build.0 = Debug|Any CPU
		{C8060B08-D510-4D5F-BFB2-2F259C286FBB}.Debug|x64.ActiveCfg = Debug|x64
		{C8060B08-D510-4D5F-BFB2-2F259C286FBB}.Debug|x64.Build.0 = Debug|x64
		{C8060B08-D510-4D5F-BFB2-2F259C286FBB}.Release|Any CPU.ActiveCfg = Release|Any CPU
		{C8060B08-D510-4D5F-BFB2-2F259C286FBB}.Release|Any CPU.Build.0 = Release|Any CPU
		{C8060B08-D510-4D5F-BFB2-2F259C286FBB}.Release|x64.ActiveCfg = Release|x64
		{C8060B08-D510-4D5F-BFB2-2F259C286FBB}.Release|x64.Build.0 = Release|x64
	EndGlobalSection
	GlobalSection(SolutionProperties) = preSolution
		HideSolutionNode = FALSE
	EndGlobalSection
	GlobalSection(ExtensibilityGlobals) = postSolution
		SolutionGuid = {BB7ED493-7DD6-4D86-B879-D5614999E03B}
	EndGlobalSection
EndGlobal
